// !$*UTF8*$!
{
	archiveVersion = 1;
	classes = {
	};
	objectVersion = 56;
	objects = {

/* Begin PBXBuildFile section */
		EF39C63F299BBBF800D0ABC9 /* Dimond.swift in Sources */ = {isa = PBXBuildFile; fileRef = EF39C63E299BBBF800D0ABC9 /* Dimond.swift */; };
		EF864788299A341C00FEE8BD /* SetCardGameApp.swift in Sources */ = {isa = PBXBuildFile; fileRef = EF864787299A341C00FEE8BD /* SetCardGameApp.swift */; };
		EF86478A299A341C00FEE8BD /* SetGameView.swift in Sources */ = {isa = PBXBuildFile; fileRef = EF864789299A341C00FEE8BD /* SetGameView.swift */; };
		EF86478C299A341D00FEE8BD /* Assets.xcassets in Resources */ = {isa = PBXBuildFile; fileRef = EF86478B299A341D00FEE8BD /* Assets.xcassets */; };
		EF86478F299A341D00FEE8BD /* Preview Assets.xcassets in Resources */ = {isa = PBXBuildFile; fileRef = EF86478E299A341D00FEE8BD /* Preview Assets.xcassets */; };
		EF864796299A457A00FEE8BD /* SetGame.swift in Sources */ = {isa = PBXBuildFile; fileRef = EF864795299A457A00FEE8BD /* SetGame.swift */; };
		EF864798299A4C7600FEE8BD /* ClassicSetGame.swift in Sources */ = {isa = PBXBuildFile; fileRef = EF864797299A4C7600FEE8BD /* ClassicSetGame.swift */; };
		EF9CC56E299CF131004B9D13 /* Squiggle.swift in Sources */ = {isa = PBXBuildFile; fileRef = EF9CC56D299CF131004B9D13 /* Squiggle.swift */; };
		EF9CC572299D3D88004B9D13 /* AspectVGrid.swift in Sources */ = {isa = PBXBuildFile; fileRef = EF9CC571299D3D88004B9D13 /* AspectVGrid.swift */; };
		EF9CC574299E66D4004B9D13 /* CardView.swift in Sources */ = {isa = PBXBuildFile; fileRef = EF9CC573299E66D4004B9D13 /* CardView.swift */; };
/* End PBXBuildFile section */

/* Begin PBXFileReference section */
		EF39C63E299BBBF800D0ABC9 /* Dimond.swift */ = {isa = PBXFileReference; lastKnownFileType = sourcecode.swift; path = Dimond.swift; sourceTree = "<group>"; };
		EF864784299A341C00FEE8BD /* SetCardGame.app */ = {isa = PBXFileReference; explicitFileType = wrapper.application; includeInIndex = 0; path = SetCardGame.app; sourceTree = BUILT_PRODUCTS_DIR; };
		EF864787299A341C00FEE8BD /* SetCardGameApp.swift */ = {isa = PBXFileReference; lastKnownFileType = sourcecode.swift; path = SetCardGameApp.swift; sourceTree = "<group>"; };
		EF864789299A341C00FEE8BD /* SetGameView.swift */ = {isa = PBXFileReference; lastKnownFileType = sourcecode.swift; path = SetGameView.swift; sourceTree = "<group>"; };
		EF86478B299A341D00FEE8BD /* Assets.xcassets */ = {isa = PBXFileReference; lastKnownFileType = folder.assetcatalog; path = Assets.xcassets; sourceTree = "<group>"; };
		EF86478E299A341D00FEE8BD /* Preview Assets.xcassets */ = {isa = PBXFileReference; lastKnownFileType = folder.assetcatalog; path = "Preview Assets.xcassets"; sourceTree = "<group>"; };
		EF864795299A457A00FEE8BD /* SetGame.swift */ = {isa = PBXFileReference; lastKnownFileType = sourcecode.swift; path = SetGame.swift; sourceTree = "<group>"; };
		EF864797299A4C7600FEE8BD /* ClassicSetGame.swift */ = {isa = PBXFileReference; lastKnownFileType = sourcecode.swift; path = ClassicSetGame.swift; sourceTree = "<group>"; };
		EF9CC56D299CF131004B9D13 /* Squiggle.swift */ = {isa = PBXFileReference; lastKnownFileType = sourcecode.swift; path = Squiggle.swift; sourceTree = "<group>"; };
		EF9CC571299D3D88004B9D13 /* AspectVGrid.swift */ = {isa = PBXFileReference; lastKnownFileType = sourcecode.swift; path = AspectVGrid.swift; sourceTree = "<group>"; };
		EF9CC573299E66D4004B9D13 /* CardView.swift */ = {isa = PBXFileReference; lastKnownFileType = sourcecode.swift; path = CardView.swift; sourceTree = "<group>"; };
/* End PBXFileReference section */

/* Begin PBXFrameworksBuildPhase section */
		EF864781299A341C00FEE8BD /* Frameworks */ = {
			isa = PBXFrameworksBuildPhase;
			buildActionMask = 2147483647;
			files = (
			);
			runOnlyForDeploymentPostprocessing = 0;
		};
/* End PBXFrameworksBuildPhase section */

/* Begin PBXGroup section */
		EF86477B299A341C00FEE8BD = {
			isa = PBXGroup;
			children = (
				EF864786299A341C00FEE8BD /* SetCardGame */,
				EF864785299A341C00FEE8BD /* Products */,
			);
			sourceTree = "<group>";
		};
		EF864785299A341C00FEE8BD /* Products */ = {
			isa = PBXGroup;
			children = (
				EF864784299A341C00FEE8BD /* SetCardGame.app */,
			);
			name = Products;
			sourceTree = "<group>";
		};
		EF864786299A341C00FEE8BD /* SetCardGame */ = {
			isa = PBXGroup;
			children = (
				EF864787299A341C00FEE8BD /* SetCardGameApp.swift */,
				EF864789299A341C00FEE8BD /* SetGameView.swift */,
				EF9CC573299E66D4004B9D13 /* CardView.swift */,
				EF864797299A4C7600FEE8BD /* ClassicSetGame.swift */,
				EF864795299A457A00FEE8BD /* SetGame.swift */,
				EF9CC571299D3D88004B9D13 /* AspectVGrid.swift */,
				EF39C63E299BBBF800D0ABC9 /* Dimond.swift */,
				EF9CC56D299CF131004B9D13 /* Squiggle.swift */,
				EF86478B299A341D00FEE8BD /* Assets.xcassets */,
				EF86478D299A341D00FEE8BD /* Preview Content */,
			);
			path = SetCardGame;
			sourceTree = "<group>";
		};
		EF86478D299A341D00FEE8BD /* Preview Content */ = {
			isa = PBXGroup;
			children = (
				EF86478E299A341D00FEE8BD /* Preview Assets.xcassets */,
			);
			path = "Preview Content";
			sourceTree = "<group>";
		};
/* End PBXGroup section */

/* Begin PBXNativeTarget section */
		EF864783299A341C00FEE8BD /* SetCardGame */ = {
			isa = PBXNativeTarget;
			buildConfigurationList = EF864792299A341D00FEE8BD /* Build configuration list for PBXNativeTarget "SetCardGame" */;
			buildPhases = (
				EF864780299A341C00FEE8BD /* Sources */,
				EF864781299A341C00FEE8BD /* Frameworks */,
				EF864782299A341C00FEE8BD /* Resources */,
			);
			buildRules = (
			);
			dependencies = (
			);
			name = SetCardGame;
			productName = SetCardGame;
			productReference = EF864784299A341C00FEE8BD /* SetCardGame.app */;
			productType = "com.apple.product-type.application";
		};
/* End PBXNativeTarget section */

/* Begin PBXProject section */
		EF86477C299A341C00FEE8BD /* Project object */ = {
			isa = PBXProject;
			attributes = {
				BuildIndependentTargetsInParallel = 1;
				LastSwiftUpdateCheck = 1420;
				LastUpgradeCheck = 1420;
				TargetAttributes = {
					EF864783299A341C00FEE8BD = {
						CreatedOnToolsVersion = 14.2;
					};
				};
			};
			buildConfigurationList = EF86477F299A341C00FEE8BD /* Build configuration list for PBXProject "SetCardGame" */;
			compatibilityVersion = "Xcode 14.0";
			developmentRegion = en;
			hasScannedForEncodings = 0;
			knownRegions = (
				en,
				Base,
			);
			mainGroup = EF86477B299A341C00FEE8BD;
			productRefGroup = EF864785299A341C00FEE8BD /* Products */;
			projectDirPath = "";
			projectRoot = "";
			targets = (
				EF864783299A341C00FEE8BD /* SetCardGame */,
			);
		};
/* End PBXProject section */

/* Begin PBXResourcesBuildPhase section */
		EF864782299A341C00FEE8BD /* Resources */ = {
			isa = PBXResourcesBuildPhase;
			buildActionMask = 2147483647;
			files = (
				EF86478F299A341D00FEE8BD /* Preview Assets.xcassets in Resources */,
				EF86478C299A341D00FEE8BD /* Assets.xcassets in Resources */,
			);
			runOnlyForDeploymentPostprocessing = 0;
		};
/* End PBXResourcesBuildPhase section */

/* Begin PBXSourcesBuildPhase section */
		EF864780299A341C00FEE8BD /* Sources */ = {
			isa = PBXSourcesBuildPhase;
			buildActionMask = 2147483647;
			files = (
				EF9CC56E299CF131004B9D13 /* Squiggle.swift in Sources */,
				EF86478A299A341C00FEE8BD /* SetGameView.swift in Sources */,
				EF9CC572299D3D88004B9D13 /* AspectVGrid.swift in Sources */,
				EF864796299A457A00FEE8BD /* SetGame.swift in Sources */,
				EF39C63F299BBBF800D0ABC9 /* Dimond.swift in Sources */,
				EF864788299A341C00FEE8BD /* SetCardGameApp.swift in Sources */,
				EF9CC574299E66D4004B9D13 /* CardView.swift in Sources */,
				EF864798299A4C7600FEE8BD /* ClassicSetGame.swift in Sources */,
			);
			runOnlyForDeploymentPostprocessing = 0;
		};
/* End PBXSourcesBuildPhase section */

/* Begin XCBuildConfiguration section */
		EF864790299A341D00FEE8BD /* Debug */ = {
			isa = XCBuildConfiguration;
			buildSettings = {
				ALWAYS_SEARCH_USER_PATHS = NO;
				CLANG_ANALYZER_NONNULL = YES;
				CLANG_ANALYZER_NUMBER_OBJECT_CONVERSION = YES_AGGRESSIVE;
				CLANG_CXX_LANGUAGE_STANDARD = "gnu++20";
				CLANG_ENABLE_MODULES = YES;
				CLANG_ENABLE_OBJC_ARC = YES;
				CLANG_ENABLE_OBJC_WEAK = YES;
				CLANG_WARN_BLOCK_CAPTURE_AUTORELEASING = YES;
				CLANG_WARN_BOOL_CONVERSION = YES;
				CLANG_WARN_COMMA = YES;
				CLANG_WARN_CONSTANT_CONVERSION = YES;
				CLANG_WARN_DEPRECATED_OBJC_IMPLEMENTATIONS = YES;
				CLANG_WARN_DIRECT_OBJC_ISA_USAGE = YES_ERROR;
				CLANG_WARN_DOCUMENTATION_COMMENTS = YES;
				CLANG_WARN_EMPTY_BODY = YES;
				CLANG_WARN_ENUM_CONVERSION = YES;
				CLANG_WARN_INFINITE_RECURSION = YES;
				CLANG_WARN_INT_CONVERSION = YES;
				CLANG_WARN_NON_LITERAL_NULL_CONVERSION = YES;
				CLANG_WARN_OBJC_IMPLICIT_RETAIN_SELF = YES;
				CLANG_WARN_OBJC_LITERAL_CONVERSION = YES;
				CLANG_WARN_OBJC_ROOT_CLASS = YES_ERROR;
				CLANG_WARN_QUOTED_INCLUDE_IN_FRAMEWORK_HEADER = YES;
				CLANG_WARN_RANGE_LOOP_ANALYSIS = YES;
				CLANG_WARN_STRICT_PROTOTYPES = YES;
				CLANG_WARN_SUSPICIOUS_MOVE = YES;
				CLANG_WARN_UNGUARDED_AVAILABILITY = YES_AGGRESSIVE;
				CLANG_WARN_UNREACHABLE_CODE = YES;
				CLANG_WARN__DUPLICATE_METHOD_MATCH = YES;
				COPY_PHASE_STRIP = NO;
				DEBUG_INFORMATION_FORMAT = dwarf;
				ENABLE_STRICT_OBJC_MSGSEND = YES;
				ENABLE_TESTABILITY = YES;
				GCC_C_LANGUAGE_STANDARD = gnu11;
				GCC_DYNAMIC_NO_PIC = NO;
				GCC_NO_COMMON_BLOCKS = YES;
				GCC_OPTIMIZATION_LEVEL = 0;
				GCC_PREPROCESSOR_DEFINITIONS = (
					"DEBUG=1",
					"$(inherited)",
				);
				GCC_WARN_64_TO_32_BIT_CONVERSION = YES;
				GCC_WARN_ABOUT_RETURN_TYPE = YES_ERROR;
				GCC_WARN_UNDECLARED_SELECTOR = YES;
				GCC_WARN_UNINITIALIZED_AUTOS = YES_AGGRESSIVE;
				GCC_WARN_UNUSED_FUNCTION = YES;
				GCC_WARN_UNUSED_VARIABLE = YES;
				IPHONEOS_DEPLOYMENT_TARGET = 16.2;
				MTL_ENABLE_DEBUG_INFO = INCLUDE_SOURCE;
				MTL_FAST_MATH = YES;
				ONLY_ACTIVE_ARCH = YES;
				SDKROOT = iphoneos;
				SWIFT_ACTIVE_COMPILATION_CONDITIONS = DEBUG;
				SWIFT_OPTIMIZATION_LEVEL = "-Onone";
			};
			name = Debug;
		};
		EF864791299A341D00FEE8BD /* Release */ = {
			isa = XCBuildConfiguration;
			buildSettings = {
				ALWAYS_SEARCH_USER_PATHS = NO;
				CLANG_ANALYZER_NONNULL = YES;
				CLANG_ANALYZER_NUMBER_OBJECT_CONVERSION = YES_AGGRESSIVE;
				CLANG_CXX_LANGUAGE_STANDARD = "gnu++20";
				CLANG_ENABLE_MODULES = YES;
				CLANG_ENABLE_OBJC_ARC = YES;
				CLANG_ENABLE_OBJC_WEAK = YES;
				CLANG_WARN_BLOCK_CAPTURE_AUTORELEASING = YES;
				CLANG_WARN_BOOL_CONVERSION = YES;
				CLANG_WARN_COMMA = YES;
				CLANG_WARN_CONSTANT_CONVERSION = YES;
				CLANG_WARN_DEPRECATED_OBJC_IMPLEMENTATIONS = YES;
				CLANG_WARN_DIRECT_OBJC_ISA_USAGE = YES_ERROR;
				CLANG_WARN_DOCUMENTATION_COMMENTS = YES;
				CLANG_WARN_EMPTY_BODY = YES;
				CLANG_WARN_ENUM_CONVERSION = YES;
				CLANG_WARN_INFINITE_RECURSION = YES;
				CLANG_WARN_INT_CONVERSION = YES;
				CLANG_WARN_NON_LITERAL_NULL_CONVERSION = YES;
				CLANG_WARN_OBJC_IMPLICIT_RETAIN_SELF = YES;
				CLANG_WARN_OBJC_LITERAL_CONVERSION = YES;
				CLANG_WARN_OBJC_ROOT_CLASS = YES_ERROR;
				CLANG_WARN_QUOTED_INCLUDE_IN_FRAMEWORK_HEADER = YES;
				CLANG_WARN_RANGE_LOOP_ANALYSIS = YES;
				CLANG_WARN_STRICT_PROTOTYPES = YES;
				CLANG_WARN_SUSPICIOUS_MOVE = YES;
				CLANG_WARN_UNGUARDED_AVAILABILITY = YES_AGGRESSIVE;
				CLANG_WARN_UNREACHABLE_CODE = YES;
				CLANG_WARN__DUPLICATE_METHOD_MATCH = YES;
				COPY_PHASE_STRIP = NO;
				DEBUG_INFORMATION_FORMAT = "dwarf-with-dsym";
				ENABLE_NS_ASSERTIONS = NO;
				ENABLE_STRICT_OBJC_MSGSEND = YES;
				GCC_C_LANGUAGE_STANDARD = gnu11;
				GCC_NO_COMMON_BLOCKS = YES;
				GCC_WARN_64_TO_32_BIT_CONVERSION = YES;
				GCC_WARN_ABOUT_RETURN_TYPE = YES_ERROR;
				GCC_WARN_UNDECLARED_SELECTOR = YES;
				GCC_WARN_UNINITIALIZED_AUTOS = YES_AGGRESSIVE;
				GCC_WARN_UNUSED_FUNCTION = YES;
				GCC_WARN_UNUSED_VARIABLE = YES;
				IPHONEOS_DEPLOYMENT_TARGET = 16.2;
				MTL_ENABLE_DEBUG_INFO = NO;
				MTL_FAST_MATH = YES;
				SDKROOT = iphoneos;
				SWIFT_COMPILATION_MODE = wholemodule;
				SWIFT_OPTIMIZATION_LEVEL = "-O";
				VALIDATE_PRODUCT = YES;
			};
			name = Release;
		};
		EF864793299A341D00FEE8BD /* Debug */ = {
			isa = XCBuildConfiguration;
			buildSettings = {
				ASSETCATALOG_COMPILER_APPICON_NAME = AppIcon;
				ASSETCATALOG_COMPILER_GLOBAL_ACCENT_COLOR_NAME = AccentColor;
				CODE_SIGN_STYLE = Automatic;
				CURRENT_PROJECT_VERSION = 1;
				DEVELOPMENT_ASSET_PATHS = "\"SetCardGame/Preview Content\"";
				DEVELOPMENT_TEAM = FC7PVA7NK7;
				ENABLE_PREVIEWS = YES;
				GENERATE_INFOPLIST_FILE = YES;
				INFOPLIST_KEY_UIApplicationSceneManifest_Generation = YES;
				INFOPLIST_KEY_UIApplicationSupportsIndirectInputEvents = YES;
				INFOPLIST_KEY_UILaunchScreen_Generation = YES;
				INFOPLIST_KEY_UISupportedInterfaceOrientations_iPad = "UIInterfaceOrientationPortrait UIInterfaceOrientationPortraitUpsideDown UIInterfaceOrientationLandscapeLeft UIInterfaceOrientationLandscapeRight";
				INFOPLIST_KEY_UISupportedInterfaceOrientations_iPhone = "UIInterfaceOrientationPortrait UIInterfaceOrientationLandscapeLeft UIInterfaceOrientationLandscapeRight";
				LD_RUNPATH_SEARCH_PATHS = (
					"$(inherited)",
					"@executable_path/Frameworks",
				);
				MARKETING_VERSION = 1.0;
				PRODUCT_BUNDLE_IDENTIFIER = Iurii.Stepanchuk.SetCardGame;
				PRODUCT_NAME = "$(TARGET_NAME)";
				SWIFT_EMIT_LOC_STRINGS = YES;
				SWIFT_VERSION = 5.0;
				TARGETED_DEVICE_FAMILY = "1,2";
			};
			name = Debug;
		};
		EF864794299A341D00FEE8BD /* Release */ = {
			isa = XCBuildConfiguration;
			buildSettings = {
				ASSETCATALOG_COMPILER_APPICON_NAME = AppIcon;
				ASSETCATALOG_COMPILER_GLOBAL_ACCENT_COLOR_NAME = AccentColor;
				CODE_SIGN_STYLE = Automatic;
				CURRENT_PROJECT_VERSION = 1;
				DEVELOPMENT_ASSET_PATHS = "\"SetCardGame/Preview Content\"";
				DEVELOPMENT_TEAM = FC7PVA7NK7;
				ENABLE_PREVIEWS = YES;
				GENERATE_INFOPLIST_FILE = YES;
				INFOPLIST_KEY_UIApplicationSceneManifest_Generation = YES;
				INFOPLIST_KEY_UIApplicationSupportsIndirectInputEvents = YES;
				INFOPLIST_KEY_UILaunchScreen_Generation = YES;
				INFOPLIST_KEY_UISupportedInterfaceOrientations_iPad = "UIInterfaceOrientationPortrait UIInterfaceOrientationPortraitUpsideDown UIInterfaceOrientationLandscapeLeft UIInterfaceOrientationLandscapeRight";
				INFOPLIST_KEY_UISupportedInterfaceOrientations_iPhone = "UIInterfaceOrientationPortrait UIInterfaceOrientationLandscapeLeft UIInterfaceOrientationLandscapeRight";
				LD_RUNPATH_SEARCH_PATHS = (
					"$(inherited)",
					"@executable_path/Frameworks",
				);
				MARKETING_VERSION = 1.0;
				PRODUCT_BUNDLE_IDENTIFIER = Iurii.Stepanchuk.SetCardGame;
				PRODUCT_NAME = "$(TARGET_NAME)";
				SWIFT_EMIT_LOC_STRINGS = YES;
				SWIFT_VERSION = 5.0;
				TARGETED_DEVICE_FAMILY = "1,2";
			};
			name = Release;
		};
/* End XCBuildConfiguration section */

/* Begin XCConfigurationList section */
		EF86477F299A341C00FEE8BD /* Build configuration list for PBXProject "SetCardGame" */ = {
			isa = XCConfigurationList;
			buildConfigurations = (
				EF864790299A341D00FEE8BD /* Debug */,
				EF864791299A341D00FEE8BD /* Release */,
			);
			defaultConfigurationIsVisible = 0;
			defaultConfigurationName = Release;
		};
		EF864792299A341D00FEE8BD /* Build configuration list for PBXNativeTarget "SetCardGame" */ = {
			isa = XCConfigurationList;
			buildConfigurations = (
				EF864793299A341D00FEE8BD /* Debug */,
				EF864794299A341D00FEE8BD /* Release */,
			);
			defaultConfigurationIsVisible = 0;
			defaultConfigurationName = Release;
		};
/* End XCConfigurationList section */
	};
	rootObject = EF86477C299A341C00FEE8BD /* Project object */;
}
